{
  "name": "lab2-op",
  "version": "1.0.0",
  "lockfileVersion": 3,
  "requires": true,
  "packages": {
    "": {
      "name": "lab2-op",
      "version": "1.0.0",
      "license": "ISC",
      "dependencies": {
        "lab2-op": "file:../lib"
      }
    },
    "../lib": {
      "name": "lab2-op",
      "version": "1.0.0",
      "license": "ISC"
    },
    "node_modules/lab2-op": {
      "resolved": "../lib",
      "link": true
    }
  }
}
